dependencies:
- name: redis
  repository: oci://registry-1.docker.io/bitnamicharts
  version: 22.0.3
- name: postgresql
  repository: oci://registry-1.docker.io/bitnamicharts
  version: 15.5.38
- name: insight
  repository: https://reconcile-kit.github.io/charts/
  version: 0.1.0
digest: sha256:6bc9bcb9108208a6bfb7c1065cdac2342299bd6e8107e7fe6c4d28765d85f640
generated: "2025-09-14T17:44:41.899783+03:00"
